{
  "name": "mwginator",
  "version": "1.0.0",
  "lockfileVersion": 3,
  "requires": true,
  "packages": {
    "": {
      "name": "mwginator",
      "version": "1.0.0",
      "license": "MIT",
      "dependencies": {
        "ansiescapeapi": "^1.0.3"
      }
    },
    "node_modules/ansiescapeapi": {
      "version": "1.0.3",
      "resolved": "https://registry.npmjs.org/ansiescapeapi/-/ansiescapeapi-1.0.3.tgz",
      "integrity": "sha512-fXcYBSXWFVV57uBOi8L8bwJ7JwGy8bE3uD7qrpdrQRnoZRKCU0JdyfCLPjPOlq64gUwnlHL39xCozVfPKTFj0g=="
    }
  }
}
